
Microsoft Visual Studio Solution File, Format Version 12.00
# Visual Studio Version 16
VisualStudioVersion = 16.0.31729.503
MinimumVisualStudioVersion = 10.0.40219.1
Project("{FAE04EC0-301F-11D3-BF4B-00C04F79EFBC}") = "ConsoleApp2", "ConsoleApp2\ConsoleApp2.csproj", "{724A5588-00E6-4137-88CC-4F3B3A85BB01}"
EndProject
Global
	GlobalSection(SolutionConfigurationPlatforms) = preSolution
		Debug|Any CPU = Debug|Any CPU
		Release|Any CPU = Release|Any CPU
	EndGlobalSection
	GlobalSection(ProjectConfigurationPlatforms) = postSolution
		{724A5588-00E6-4137-88CC-4F3B3A85BB01}.Debug|Any CPU.ActiveCfg = Debug|Any CPU
		{724A5588-00E6-4137-88CC-4F3B3A85BB01}.Debug|Any CPU.Build.0 = Debug|Any CPU
		{724A5588-00E6-4137-88CC-4F3B3A85BB01}.Release|Any CPU.ActiveCfg = Release|Any CPU
		{724A5588-00E6-4137-88CC-4F3B3A85BB01}.Release|Any CPU.Build.0 = Release|Any CPU
	EndGlobalSection
	GlobalSection(SolutionProperties) = preSolution
		HideSolutionNode = FALSE
	EndGlobalSection
	GlobalSection(ExtensibilityGlobals) = postSolution
		SolutionGuid = {7B1D1645-9186-4069-BA01-763E5E56EEBC}
	EndGlobalSection
EndGlobal
