
Microsoft Visual Studio Solution File, Format Version 12.00
# Visual Studio Version 16
VisualStudioVersion = 16.0.31729.503
MinimumVisualStudioVersion = 10.0.40219.1
Project("{FAE04EC0-301F-11D3-BF4B-00C04F79EFBC}") = "ConsoleApp6", "ConsoleApp6\ConsoleApp6.csproj", "{0DAC8C06-6F0A-4E8F-A3C9-4312FC398A0A}"
EndProject
Global
	GlobalSection(SolutionConfigurationPlatforms) = preSolution
		Debug|Any CPU = Debug|Any CPU
		Release|Any CPU = Release|Any CPU
	EndGlobalSection
	GlobalSection(ProjectConfigurationPlatforms) = postSolution
		{0DAC8C06-6F0A-4E8F-A3C9-4312FC398A0A}.Debug|Any CPU.ActiveCfg = Debug|Any CPU
		{0DAC8C06-6F0A-4E8F-A3C9-4312FC398A0A}.Debug|Any CPU.Build.0 = Debug|Any CPU
		{0DAC8C06-6F0A-4E8F-A3C9-4312FC398A0A}.Release|Any CPU.ActiveCfg = Release|Any CPU
		{0DAC8C06-6F0A-4E8F-A3C9-4312FC398A0A}.Release|Any CPU.Build.0 = Release|Any CPU
	EndGlobalSection
	GlobalSection(SolutionProperties) = preSolution
		HideSolutionNode = FALSE
	EndGlobalSection
	GlobalSection(ExtensibilityGlobals) = postSolution
		SolutionGuid = {ACA5D515-0E3A-4A84-BBF1-3FD0E3EA8DE9}
	EndGlobalSection
EndGlobal
