
Microsoft Visual Studio Solution File, Format Version 12.00
# Visual Studio Version 16
VisualStudioVersion = 16.0.31729.503
MinimumVisualStudioVersion = 10.0.40219.1
Project("{FAE04EC0-301F-11D3-BF4B-00C04F79EFBC}") = "ConsoleApp5", "ConsoleApp5\ConsoleApp5.csproj", "{39B0615F-3766-4E4A-9218-CE693D981577}"
EndProject
Global
	GlobalSection(SolutionConfigurationPlatforms) = preSolution
		Debug|Any CPU = Debug|Any CPU
		Release|Any CPU = Release|Any CPU
	EndGlobalSection
	GlobalSection(ProjectConfigurationPlatforms) = postSolution
		{39B0615F-3766-4E4A-9218-CE693D981577}.Debug|Any CPU.ActiveCfg = Debug|Any CPU
		{39B0615F-3766-4E4A-9218-CE693D981577}.Debug|Any CPU.Build.0 = Debug|Any CPU
		{39B0615F-3766-4E4A-9218-CE693D981577}.Release|Any CPU.ActiveCfg = Release|Any CPU
		{39B0615F-3766-4E4A-9218-CE693D981577}.Release|Any CPU.Build.0 = Release|Any CPU
	EndGlobalSection
	GlobalSection(SolutionProperties) = preSolution
		HideSolutionNode = FALSE
	EndGlobalSection
	GlobalSection(ExtensibilityGlobals) = postSolution
		SolutionGuid = {FE92ACB6-3441-4687-88D5-2A5E4B68ABD5}
	EndGlobalSection
EndGlobal
